
Microsoft Visual Studio Solution File, Format Version 12.00
# Visual Studio 14
VisualStudioVersion = 14.0.24720.0
MinimumVisualStudioVersion = 10.0.40219.1
Project("{FAE04EC0-301F-11D3-BF4B-00C04F79EFBC}") = "TimeLine", "TimeLine\TimeLine.csproj", "{1FCD10B4-B36C-4A08-A32E-5A4302023A9F}"
EndProject
Project("{FAE04EC0-301F-11D3-BF4B-00C04F79EFBC}") = "CalenderPresentation", "CalanderPresentation\CalenderPresentation.csproj", "{22418041-8E7E-4353-A843-B3EB2B8616A8}"
EndProject
Project("{FAE04EC0-301F-11D3-BF4B-00C04F79EFBC}") = "GraphicLine", "GraphicLine\GraphicLine.csproj", "{8CB0D4AD-3E2D-46A7-8F58-2AEDB649C736}"
EndProject
Project("{2150E333-8FDC-42A3-9474-1A3956D46DE8}") = "auxiliary", "auxiliary", "{2523803E-2904-48DE-985A-03DADF956806}"
EndProject
Project("{FAE04EC0-301F-11D3-BF4B-00C04F79EFBC}") = "EditGraphicLineXML", "EditGraphicLineXML\EditGraphicLineXML.csproj", "{569E2C13-F5E6-4847-B32E-105C5714DC82}"
EndProject
Project("{FAE04EC0-301F-11D3-BF4B-00C04F79EFBC}") = "SetCurrentSFIStatus", "SetCurrentSFIStatus\SetCurrentSFIStatus.csproj", "{EE61A619-0324-41F8-92AD-8C341F0D1BBA}"
EndProject
Project("{FAE04EC0-301F-11D3-BF4B-00C04F79EFBC}") = "OPCTestConnection", "OPCTestConnection\OPCTestConnection.csproj", "{1FFC41C3-1904-41C7-897E-C9D87B1F9F00}"
EndProject
Global
	GlobalSection(SolutionConfigurationPlatforms) = preSolution
		Debug|Any CPU = Debug|Any CPU
		Debug|x86 = Debug|x86
		Host|Any CPU = Host|Any CPU
		Host|x86 = Host|x86
		Release|Any CPU = Release|Any CPU
		Release|x86 = Release|x86
		VM|Any CPU = VM|Any CPU
		VM|x86 = VM|x86
	EndGlobalSection
	GlobalSection(ProjectConfigurationPlatforms) = postSolution
		{1FCD10B4-B36C-4A08-A32E-5A4302023A9F}.Debug|Any CPU.ActiveCfg = toVM|Any CPU
		{1FCD10B4-B36C-4A08-A32E-5A4302023A9F}.Debug|Any CPU.Build.0 = toVM|Any CPU
		{1FCD10B4-B36C-4A08-A32E-5A4302023A9F}.Debug|x86.ActiveCfg = toVM|x86
		{1FCD10B4-B36C-4A08-A32E-5A4302023A9F}.Debug|x86.Build.0 = toVM|x86
		{1FCD10B4-B36C-4A08-A32E-5A4302023A9F}.Host|Any CPU.ActiveCfg = toHost|Any CPU
		{1FCD10B4-B36C-4A08-A32E-5A4302023A9F}.Host|Any CPU.Build.0 = toHost|Any CPU
		{1FCD10B4-B36C-4A08-A32E-5A4302023A9F}.Host|x86.ActiveCfg = toHost|x86
		{1FCD10B4-B36C-4A08-A32E-5A4302023A9F}.Host|x86.Build.0 = toHost|x86
		{1FCD10B4-B36C-4A08-A32E-5A4302023A9F}.Release|Any CPU.ActiveCfg = toVM|Any CPU
		{1FCD10B4-B36C-4A08-A32E-5A4302023A9F}.Release|Any CPU.Build.0 = toVM|Any CPU
		{1FCD10B4-B36C-4A08-A32E-5A4302023A9F}.Release|x86.ActiveCfg = toVM|x86
		{1FCD10B4-B36C-4A08-A32E-5A4302023A9F}.Release|x86.Build.0 = toVM|x86
		{1FCD10B4-B36C-4A08-A32E-5A4302023A9F}.VM|Any CPU.ActiveCfg = VM|Any CPU
		{1FCD10B4-B36C-4A08-A32E-5A4302023A9F}.VM|Any CPU.Build.0 = VM|Any CPU
		{1FCD10B4-B36C-4A08-A32E-5A4302023A9F}.VM|x86.ActiveCfg = VM|x86
		{1FCD10B4-B36C-4A08-A32E-5A4302023A9F}.VM|x86.Build.0 = VM|x86
		{22418041-8E7E-4353-A843-B3EB2B8616A8}.Debug|Any CPU.ActiveCfg = toVM|Any CPU
		{22418041-8E7E-4353-A843-B3EB2B8616A8}.Debug|Any CPU.Build.0 = toVM|Any CPU
		{22418041-8E7E-4353-A843-B3EB2B8616A8}.Debug|x86.ActiveCfg = toVM|x86
		{22418041-8E7E-4353-A843-B3EB2B8616A8}.Debug|x86.Build.0 = toVM|x86
		{22418041-8E7E-4353-A843-B3EB2B8616A8}.Host|Any CPU.ActiveCfg = toHost|Any CPU
		{22418041-8E7E-4353-A843-B3EB2B8616A8}.Host|Any CPU.Build.0 = toHost|Any CPU
		{22418041-8E7E-4353-A843-B3EB2B8616A8}.Host|x86.ActiveCfg = toHost|x86
		{22418041-8E7E-4353-A843-B3EB2B8616A8}.Host|x86.Build.0 = toHost|x86
		{22418041-8E7E-4353-A843-B3EB2B8616A8}.Release|Any CPU.ActiveCfg = toVM|Any CPU
		{22418041-8E7E-4353-A843-B3EB2B8616A8}.Release|Any CPU.Build.0 = toVM|Any CPU
		{22418041-8E7E-4353-A843-B3EB2B8616A8}.Release|x86.ActiveCfg = toVM|x86
		{22418041-8E7E-4353-A843-B3EB2B8616A8}.Release|x86.Build.0 = toVM|x86
		{22418041-8E7E-4353-A843-B3EB2B8616A8}.VM|Any CPU.ActiveCfg = VM|Any CPU
		{22418041-8E7E-4353-A843-B3EB2B8616A8}.VM|Any CPU.Build.0 = VM|Any CPU
		{22418041-8E7E-4353-A843-B3EB2B8616A8}.VM|x86.ActiveCfg = VM|x86
		{22418041-8E7E-4353-A843-B3EB2B8616A8}.VM|x86.Build.0 = VM|x86
		{8CB0D4AD-3E2D-46A7-8F58-2AEDB649C736}.Debug|Any CPU.ActiveCfg = toVM|Any CPU
		{8CB0D4AD-3E2D-46A7-8F58-2AEDB649C736}.Debug|Any CPU.Build.0 = toVM|Any CPU
		{8CB0D4AD-3E2D-46A7-8F58-2AEDB649C736}.Debug|x86.ActiveCfg = toVM|x86
		{8CB0D4AD-3E2D-46A7-8F58-2AEDB649C736}.Debug|x86.Build.0 = toVM|x86
		{8CB0D4AD-3E2D-46A7-8F58-2AEDB649C736}.Host|Any CPU.ActiveCfg = toHost|Any CPU
		{8CB0D4AD-3E2D-46A7-8F58-2AEDB649C736}.Host|Any CPU.Build.0 = toHost|Any CPU
		{8CB0D4AD-3E2D-46A7-8F58-2AEDB649C736}.Host|x86.ActiveCfg = toHost|x86
		{8CB0D4AD-3E2D-46A7-8F58-2AEDB649C736}.Host|x86.Build.0 = toHost|x86
		{8CB0D4AD-3E2D-46A7-8F58-2AEDB649C736}.Release|Any CPU.ActiveCfg = toVM|Any CPU
		{8CB0D4AD-3E2D-46A7-8F58-2AEDB649C736}.Release|Any CPU.Build.0 = toVM|Any CPU
		{8CB0D4AD-3E2D-46A7-8F58-2AEDB649C736}.Release|x86.ActiveCfg = toVM|x86
		{8CB0D4AD-3E2D-46A7-8F58-2AEDB649C736}.Release|x86.Build.0 = toVM|x86
		{8CB0D4AD-3E2D-46A7-8F58-2AEDB649C736}.VM|Any CPU.ActiveCfg = VM|Any CPU
		{8CB0D4AD-3E2D-46A7-8F58-2AEDB649C736}.VM|Any CPU.Build.0 = VM|Any CPU
		{8CB0D4AD-3E2D-46A7-8F58-2AEDB649C736}.VM|x86.ActiveCfg = VM|x86
		{8CB0D4AD-3E2D-46A7-8F58-2AEDB649C736}.VM|x86.Build.0 = VM|x86
		{569E2C13-F5E6-4847-B32E-105C5714DC82}.Debug|Any CPU.ActiveCfg = toVM|Any CPU
		{569E2C13-F5E6-4847-B32E-105C5714DC82}.Debug|Any CPU.Build.0 = toVM|Any CPU
		{569E2C13-F5E6-4847-B32E-105C5714DC82}.Debug|x86.ActiveCfg = toVM|x86
		{569E2C13-F5E6-4847-B32E-105C5714DC82}.Debug|x86.Build.0 = toVM|x86
		{569E2C13-F5E6-4847-B32E-105C5714DC82}.Host|Any CPU.ActiveCfg = toHost|Any CPU
		{569E2C13-F5E6-4847-B32E-105C5714DC82}.Host|Any CPU.Build.0 = toHost|Any CPU
		{569E2C13-F5E6-4847-B32E-105C5714DC82}.Host|x86.ActiveCfg = toHost|x86
		{569E2C13-F5E6-4847-B32E-105C5714DC82}.Host|x86.Build.0 = toHost|x86
		{569E2C13-F5E6-4847-B32E-105C5714DC82}.Release|Any CPU.ActiveCfg = toVM|Any CPU
		{569E2C13-F5E6-4847-B32E-105C5714DC82}.Release|Any CPU.Build.0 = toVM|Any CPU
		{569E2C13-F5E6-4847-B32E-105C5714DC82}.Release|x86.ActiveCfg = toVM|x86
		{569E2C13-F5E6-4847-B32E-105C5714DC82}.Release|x86.Build.0 = toVM|x86
		{569E2C13-F5E6-4847-B32E-105C5714DC82}.VM|Any CPU.ActiveCfg = VM|Any CPU
		{569E2C13-F5E6-4847-B32E-105C5714DC82}.VM|Any CPU.Build.0 = VM|Any CPU
		{569E2C13-F5E6-4847-B32E-105C5714DC82}.VM|x86.ActiveCfg = VM|x86
		{569E2C13-F5E6-4847-B32E-105C5714DC82}.VM|x86.Build.0 = VM|x86
		{EE61A619-0324-41F8-92AD-8C341F0D1BBA}.Debug|Any CPU.ActiveCfg = Debug|Any CPU
		{EE61A619-0324-41F8-92AD-8C341F0D1BBA}.Debug|Any CPU.Build.0 = Debug|Any CPU
		{EE61A619-0324-41F8-92AD-8C341F0D1BBA}.Debug|x86.ActiveCfg = Debug|Any CPU
		{EE61A619-0324-41F8-92AD-8C341F0D1BBA}.Debug|x86.Build.0 = Debug|Any CPU
		{EE61A619-0324-41F8-92AD-8C341F0D1BBA}.Host|Any CPU.ActiveCfg = Release|Any CPU
		{EE61A619-0324-41F8-92AD-8C341F0D1BBA}.Host|Any CPU.Build.0 = Release|Any CPU
		{EE61A619-0324-41F8-92AD-8C341F0D1BBA}.Host|x86.ActiveCfg = Release|Any CPU
		{EE61A619-0324-41F8-92AD-8C341F0D1BBA}.Host|x86.Build.0 = Release|Any CPU
		{EE61A619-0324-41F8-92AD-8C341F0D1BBA}.Release|Any CPU.ActiveCfg = Release|Any CPU
		{EE61A619-0324-41F8-92AD-8C341F0D1BBA}.Release|Any CPU.Build.0 = Release|Any CPU
		{EE61A619-0324-41F8-92AD-8C341F0D1BBA}.Release|x86.ActiveCfg = Release|Any CPU
		{EE61A619-0324-41F8-92AD-8C341F0D1BBA}.Release|x86.Build.0 = Release|Any CPU
		{EE61A619-0324-41F8-92AD-8C341F0D1BBA}.VM|Any CPU.ActiveCfg = Release|Any CPU
		{EE61A619-0324-41F8-92AD-8C341F0D1BBA}.VM|Any CPU.Build.0 = Release|Any CPU
		{EE61A619-0324-41F8-92AD-8C341F0D1BBA}.VM|x86.ActiveCfg = Release|Any CPU
		{EE61A619-0324-41F8-92AD-8C341F0D1BBA}.VM|x86.Build.0 = Release|Any CPU
		{1FFC41C3-1904-41C7-897E-C9D87B1F9F00}.Debug|Any CPU.ActiveCfg = VM|x86
		{1FFC41C3-1904-41C7-897E-C9D87B1F9F00}.Debug|Any CPU.Build.0 = VM|x86
		{1FFC41C3-1904-41C7-897E-C9D87B1F9F00}.Debug|x86.ActiveCfg = VM|x86
		{1FFC41C3-1904-41C7-897E-C9D87B1F9F00}.Debug|x86.Build.0 = VM|x86
		{1FFC41C3-1904-41C7-897E-C9D87B1F9F00}.Host|Any CPU.ActiveCfg = VM|x86
		{1FFC41C3-1904-41C7-897E-C9D87B1F9F00}.Host|Any CPU.Build.0 = VM|x86
		{1FFC41C3-1904-41C7-897E-C9D87B1F9F00}.Host|x86.ActiveCfg = VM|x86
		{1FFC41C3-1904-41C7-897E-C9D87B1F9F00}.Host|x86.Build.0 = VM|x86
		{1FFC41C3-1904-41C7-897E-C9D87B1F9F00}.Release|Any CPU.ActiveCfg = VM|x86
		{1FFC41C3-1904-41C7-897E-C9D87B1F9F00}.Release|Any CPU.Build.0 = VM|x86
		{1FFC41C3-1904-41C7-897E-C9D87B1F9F00}.Release|x86.ActiveCfg = VM|x86
		{1FFC41C3-1904-41C7-897E-C9D87B1F9F00}.Release|x86.Build.0 = VM|x86
		{1FFC41C3-1904-41C7-897E-C9D87B1F9F00}.VM|Any CPU.ActiveCfg = VM|x86
		{1FFC41C3-1904-41C7-897E-C9D87B1F9F00}.VM|x86.ActiveCfg = VM|x86
		{1FFC41C3-1904-41C7-897E-C9D87B1F9F00}.VM|x86.Build.0 = VM|x86
	EndGlobalSection
	GlobalSection(SolutionProperties) = preSolution
		HideSolutionNode = FALSE
	EndGlobalSection
	GlobalSection(NestedProjects) = preSolution
		{569E2C13-F5E6-4847-B32E-105C5714DC82} = {2523803E-2904-48DE-985A-03DADF956806}
		{EE61A619-0324-41F8-92AD-8C341F0D1BBA} = {2523803E-2904-48DE-985A-03DADF956806}
		{1FFC41C3-1904-41C7-897E-C9D87B1F9F00} = {2523803E-2904-48DE-985A-03DADF956806}
	EndGlobalSection
EndGlobal
